{
  "name": "npm-build-2448710079",
  "lockfileVersion": 3,
  "requires": true,
  "packages": {
    "": {
      "dependencies": {
        "@dfinity/agent": "^3.4.1",
        "@dfinity/auth-client": "^3.4.1",
        "@dfinity/candid": "^3.4.1",
        "@dfinity/principal": "^3.4.1"
      }
    },
    "node_modules/@dfinity/agent": {
      "version": "3.4.1",
      "resolved": "https://registry.npmjs.org/@dfinity/agent/-/agent-3.4.1.tgz",
      "integrity": "sha512-pudmNdDkfIobKdBEMl5FHviNSTCAHdo2r32/NOPY3vSiDH7VpLNfjOa4be5Ki6MKJpjEYdJh18vCZy5uxrx/kg==",
      "license": "Apache-2.0",
      "dependencies": {
        "@dfinity/cbor": "^0.2.2",
        "@noble/curves": "^1.9.2"
      },
      "peerDependencies": {
        "@dfinity/candid": "3.4.1",
        "@dfinity/principal": "3.4.1",
        "@noble/hashes": "^1.8.0"
      }
    },
    "node_modules/@dfinity/auth-client": {
      "version": "3.4.1",
      "resolved": "https://registry.npmjs.org/@dfinity/auth-client/-/auth-client-3.4.1.tgz",
      "integrity": "sha512-HlzJtI325B6rflE2oWcmwHaZuWqJDgyYwfLOalIPxt9SpM/9h+twRC/cpGMaJ+renlswd+Ax8Ka1NTDZTGp/Kg==",
      "license": "Apache-2.0",
      "dependencies": {
        "idb": "^7.0.2"
      },
      "peerDependencies": {
        "@dfinity/agent": "3.4.1",
        "@dfinity/identity": "3.4.1",
        "@dfinity/principal": "3.4.1"
      }
    },
    "node_modules/@dfinity/candid": {
      "version": "3.4.1",
      "resolved": "https://registry.npmjs.org/@dfinity/candid/-/candid-3.4.1.tgz",
      "integrity": "sha512-vNG0XGS2roQsz9bHPWwllfJ3n1YNjjY88YmGTwZhq/SiLNRNycjE9dIyKx64lpzH8g3PmUJmzfvGOAyVC8O7bw==",
      "license": "Apache-2.0",
      "peerDependencies": {
        "@dfinity/principal": "3.4.1"
      }
    },
    "node_modules/@dfinity/cbor": {
      "version": "0.2.2",
      "resolved": "https://registry.npmjs.org/@dfinity/cbor/-/cbor-0.2.2.tgz",
      "integrity": "sha512-GPJpH73kDEKbUBdUjY80lz7cq9l0vm1h/7ppejPV6O0ZTqCLrYspssYvqjRmK4aNnJ/SKXsP0rg9LYX7zpegaA==",
      "license": "Apache-2.0"
    },
    "node_modules/@dfinity/principal": {
      "version": "3.4.1",
      "resolved": "https://registry.npmjs.org/@dfinity/principal/-/principal-3.4.1.tgz",
      "integrity": "sha512-pXabsgcJDhRhj7/AaV7dLZKF8L4sK0vuzaGVBBtQ+8FxWXeXlvKn/Vxbwy8BCkIU7SHzJuBpYT2tz1oE6oNmbA==",
      "license": "Apache-2.0",
      "dependencies": {
        "@noble/hashes": "^1.8.0"
      }
    },
    "node_modules/@noble/curves": {
      "version": "1.9.7",
      "resolved": "https://registry.npmjs.org/@noble/curves/-/curves-1.9.7.tgz",
      "integrity": "sha512-gbKGcRUYIjA3/zCCNaWDciTMFI0dCkvou3TL8Zmy5Nc7sJ47a0jtOeZoTaMxkuqRo9cRhjOdZJXegxYE5FN/xw==",
      "license": "MIT",
      "dependencies": {
        "@noble/hashes": "1.8.0"
      },
      "engines": {
        "node": "^14.21.3 || >=16"
      },
      "funding": {
        "url": "https://paulmillr.com/funding/"
      }
    },
    "node_modules/@noble/hashes": {
      "version": "1.8.0",
      "resolved": "https://registry.npmjs.org/@noble/hashes/-/hashes-1.8.0.tgz",
      "integrity": "sha512-jCs9ldd7NwzpgXDIf6P3+NrHh9/sD6CQdxHyjQI+h/6rDNo88ypBxxz45UDuZHz9r3tNz7N/VInSVoVdtXEI4A==",
      "license": "MIT",
      "engines": {
        "node": "^14.21.3 || >=16"
      },
      "funding": {
        "url": "https://paulmillr.com/funding/"
      }
    },
    "node_modules/idb": {
      "version": "7.1.1",
      "resolved": "https://registry.npmjs.org/idb/-/idb-7.1.1.tgz",
      "integrity": "sha512-gchesWBzyvGHRO9W8tzUWFDycow5gwjvFKfyV9FF32Y7F50yZMp7mP+T2mJIWFx49zicqyC4uefHM17o6xKIVQ==",
      "license": "ISC"
    }
  }
}
